
Microsoft Visual Studio Solution File, Format Version 12.00
Project("{FAE04EC0-301F-11D3-BF4B-00C04F79EFBC}") = "OAuth2Client", "OAuth2Client\OAuth2Client.csproj", "{43C2608C-251A-4A87-AAB6-047858157881}"
EndProject
Project("{FAE04EC0-301F-11D3-BF4B-00C04F79EFBC}") = "OAuth2Client.Tests", "OAuth2Client.Tests\OAuth2Client.Tests.csproj", "{17AD4EF5-8E43-4D6F-A328-230174BC7989}"
EndProject
Global
	GlobalSection(SolutionConfigurationPlatforms) = preSolution
		Debug|Any CPU = Debug|Any CPU
		Release|Any CPU = Release|Any CPU
	EndGlobalSection
	GlobalSection(ProjectConfigurationPlatforms) = postSolution
		{43C2608C-251A-4A87-AAB6-047858157881}.Debug|Any CPU.ActiveCfg = Debug|Any CPU
		{43C2608C-251A-4A87-AAB6-047858157881}.Debug|Any CPU.Build.0 = Debug|Any CPU
		{43C2608C-251A-4A87-AAB6-047858157881}.Release|Any CPU.ActiveCfg = Release|Any CPU
		{43C2608C-251A-4A87-AAB6-047858157881}.Release|Any CPU.Build.0 = Release|Any CPU
		{17AD4EF5-8E43-4D6F-A328-230174BC7989}.Debug|Any CPU.ActiveCfg = Debug|Any CPU
		{17AD4EF5-8E43-4D6F-A328-230174BC7989}.Debug|Any CPU.Build.0 = Debug|Any CPU
		{17AD4EF5-8E43-4D6F-A328-230174BC7989}.Release|Any CPU.ActiveCfg = Release|Any CPU
		{17AD4EF5-8E43-4D6F-A328-230174BC7989}.Release|Any CPU.Build.0 = Release|Any CPU
	EndGlobalSection
EndGlobal
